// !$*UTF8*$!
{
	archiveVersion = 1;
	classes = {
	};
	objectVersion = 70;
	objects = {

/* Begin PBXBuildFile section */
		05C0BB8F3C1940D8BEBFA6F2 /* NetworkMonitor.swift in Sources */ = {isa = PBXBuildFile; fileRef = 4D276383AE2745A59B7165F6 /* NetworkMonitor.swift */; };
		16A03D4CD43741B4A5967EE7 /* MenuBarView.swift in Sources */ = {isa = PBXBuildFile; fileRef = D19183DC23704102B6CFDB12 /* MenuBarView.swift */; };
		3028D908ACEE48939E153EE8 /* SidebarWidthKey.swift in Sources */ = {isa = PBXBuildFile; fileRef = E1C07AF1C3E448FDB3B2CA5E /* SidebarWidthKey.swift */; };
		3BCBD3A909E5492F86A73181 /* ViewModifiers.swift in Sources */ = {isa = PBXBuildFile; fileRef = 4AC8B812A0CC4AE0A4D40883 /* ViewModifiers.swift */; };
		441C9F0E1CC80AA0000A0302 /* ASPlaylist.m in Sources */ = {isa = PBXBuildFile; fileRef = FA99E25A15E4B7EA005AB6E6 /* ASPlaylist.m */; };
		441C9F161CC86A74000A0302 /* AudioStreamer.m in Sources */ = {isa = PBXBuildFile; fileRef = FACF0184149A713700D1FB73 /* AudioStreamer.m */; };
		44310F8B18EB87AB0095359D /* Credits.rtf in Resources */ = {isa = PBXBuildFile; fileRef = 44310F8A18EB87AB0095359D /* Credits.rtf */; };
		44411DA7190166FB00EC4E05 /* PandoraDevice.m in Sources */ = {isa = PBXBuildFile; fileRef = 44411DA6190166FB00EC4E05 /* PandoraDevice.m */; };
		459A3DDA60B348F38426008C /* ImageCache.swift in Sources */ = {isa = PBXBuildFile; fileRef = B42501158E25473A9B5A38CF /* ImageCache.swift */; };
		634D8E722F16EE7A0069FD8F /* PlayerView.swift in Sources */ = {isa = PBXBuildFile; fileRef = 634D8E6A2F16EE7A0069FD8F /* PlayerView.swift */; };
		634D8E732F16EE7A0069FD8F /* PlayerViewModel.swift in Sources */ = {isa = PBXBuildFile; fileRef = 634D8E622F16EE7A0069FD8F /* PlayerViewModel.swift */; };
		634D8E752F16EE7A0069FD8F /* MinimalAppDelegate.swift in Sources */ = {isa = PBXBuildFile; fileRef = 634D8E702F16EE7A0069FD8F /* MinimalAppDelegate.swift */; };
		634D8E762F16EE7A0069FD8F /* PreferencesView.swift in Sources */ = {isa = PBXBuildFile; fileRef = 634D8E6B2F16EE7A0069FD8F /* PreferencesView.swift */; };
		634D8E772F16EE7A0069FD8F /* StationsListView.swift in Sources */ = {isa = PBXBuildFile; fileRef = 634D8E6D2F16EE7A0069FD8F /* StationsListView.swift */; };
		634D8E782F16EE7A0069FD8F /* ErrorView.swift in Sources */ = {isa = PBXBuildFile; fileRef = 634D8E672F16EE7A0069FD8F /* ErrorView.swift */; };
		634D8E792F16EE7A0069FD8F /* HermesApp.swift in Sources */ = {isa = PBXBuildFile; fileRef = 634D8E6F2F16EE7A0069FD8F /* HermesApp.swift */; };
		634D8E7A2F16EE7A0069FD8F /* LoginViewModel.swift in Sources */ = {isa = PBXBuildFile; fileRef = 634D8E612F16EE7A0069FD8F /* LoginViewModel.swift */; };
		634D8E7B2F16EE7A0069FD8F /* HistoryViewModel.swift in Sources */ = {isa = PBXBuildFile; fileRef = 634D8E602F16EE7A0069FD8F /* HistoryViewModel.swift */; };
		634D8E7C2F16EE7A0069FD8F /* StationsViewModel.swift in Sources */ = {isa = PBXBuildFile; fileRef = 634D8E632F16EE7A0069FD8F /* StationsViewModel.swift */; };
		634D8E7D2F16EE7A0069FD8F /* LoginView.swift in Sources */ = {isa = PBXBuildFile; fileRef = 634D8E692F16EE7A0069FD8F /* LoginView.swift */; };
		634D8E7E2F16EE7A0069FD8F /* StationModel.swift in Sources */ = {isa = PBXBuildFile; fileRef = 634D8E592F16EE7A0069FD8F /* StationModel.swift */; };
		634D8E7F2F16EE7A0069FD8F /* AppState.swift in Sources */ = {isa = PBXBuildFile; fileRef = 634D8E5F2F16EE7A0069FD8F /* AppState.swift */; };
		634D8E802F16EE7A0069FD8F /* HistoryListView.swift in Sources */ = {isa = PBXBuildFile; fileRef = 634D8E682F16EE7A0069FD8F /* HistoryListView.swift */; };
		634D8E812F16EE7A0069FD8F /* NotificationBridge.swift in Sources */ = {isa = PBXBuildFile; fileRef = 634D8E5C2F16EE7A0069FD8F /* NotificationBridge.swift */; };
		634D8E822F16EE7A0069FD8F /* SidebarView.swift in Sources */ = {isa = PBXBuildFile; fileRef = 634D8E6C2F16EE7A0069FD8F /* SidebarView.swift */; };
		634D8E832F16EE7A0069FD8F /* AlbumArtPreviewView.swift in Sources */ = {isa = PBXBuildFile; fileRef = 634D8E652F16EE7A0069FD8F /* AlbumArtPreviewView.swift */; };
		634D8E842F16EE7A0069FD8F /* SongModel.swift in Sources */ = {isa = PBXBuildFile; fileRef = 634D8E582F16EE7A0069FD8F /* SongModel.swift */; };
		634D8E852F16EE7A0069FD8F /* NotificationManager.swift in Sources */ = {isa = PBXBuildFile; fileRef = 634D8E5D2F16EE7A0069FD8F /* NotificationManager.swift */; };
		634D8E862F16EE7A0069FD8F /* ContentView.swift in Sources */ = {isa = PBXBuildFile; fileRef = 634D8E662F16EE7A0069FD8F /* ContentView.swift */; };
		634D8E8A2F1718050069FD8F /* StationAddViewModel.swift in Sources */ = {isa = PBXBuildFile; fileRef = 634D8E892F1718050069FD8F /* StationAddViewModel.swift */; };
		634D8E8C2F1718140069FD8F /* StationAddView.swift in Sources */ = {isa = PBXBuildFile; fileRef = 634D8E8B2F1718140069FD8F /* StationAddView.swift */; };
		634D8E8E2F1719DA0069FD8F /* StationEditViewModel.swift in Sources */ = {isa = PBXBuildFile; fileRef = 634D8E8D2F1719DA0069FD8F /* StationEditViewModel.swift */; };
		634D8E902F1719EA0069FD8F /* StationEditView.swift in Sources */ = {isa = PBXBuildFile; fileRef = 634D8E8F2F1719EA0069FD8F /* StationEditView.swift */; };
		634D8E922F171F060069FD8F /* SettingsManager.swift in Sources */ = {isa = PBXBuildFile; fileRef = 634D8E912F171F060069FD8F /* SettingsManager.swift */; };
		634D8E942F171F070069FD8F /* WindowTracker.swift in Sources */ = {isa = PBXBuildFile; fileRef = 634D8E932F171F070069FD8F /* WindowTracker.swift */; };
		634D8E962F171FFF0069FD8F /* PreviewMocks.swift in Sources */ = {isa = PBXBuildFile; fileRef = 634D8E952F171FFF0069FD8F /* PreviewMocks.swift */; };
		634D8E982F1720000069FD8F /* KeychainManager.swift in Sources */ = {isa = PBXBuildFile; fileRef = 634D8E972F1720000069FD8F /* KeychainManager.swift */; };
		634D90EA2F19AD5E0069FD8F /* AppleScriptSupport.swift in Sources */ = {isa = PBXBuildFile; fileRef = 634D90E72F19AD5E0069FD8F /* AppleScriptSupport.swift */; };
		634D90EB2F19AD5E0069FD8F /* LastFMService.swift in Sources */ = {isa = PBXBuildFile; fileRef = 634D90E82F19AD5E0069FD8F /* LastFMService.swift */; };
		634D910C2F19BCB10069FD8F /* Song.swift in Sources */ = {isa = PBXBuildFile; fileRef = 634D910B2F19BCB10069FD8F /* Song.swift */; };
		634D910D2F19BCB10069FD8F /* PandoraDevice.swift in Sources */ = {isa = PBXBuildFile; fileRef = 634D910A2F19BCB10069FD8F /* PandoraDevice.swift */; };
		6D2D8B1F1FAD4654B364E77F /* StationArtworkLoader.swift in Sources */ = {isa = PBXBuildFile; fileRef = DD2036192DD64C5DB24413F7 /* StationArtworkLoader.swift */; };
		8D11072B0486CEB800E47090 /* InfoPlist.strings in Resources */ = {isa = PBXBuildFile; fileRef = 089C165CFE840E0CC02AAC07 /* InfoPlist.strings */; };
		96BB97EF20A84DC8857739DC /* HTTPClient.swift in Sources */ = {isa = PBXBuildFile; fileRef = 83CE1A66FC3E4E83B90BC42F /* HTTPClient.swift */; };
		97177194159EAA7D00EE3355 /* cd.png in Resources */ = {isa = PBXBuildFile; fileRef = 97177193159EAA7D00EE3355 /* cd.png */; };
		9717719A159EB0E200EE3355 /* music-note.png in Resources */ = {isa = PBXBuildFile; fileRef = 97177199159EB0E200EE3355 /* music-note.png */; };
		97E0DA35159EDF7C00BEA465 /* radio.png in Resources */ = {isa = PBXBuildFile; fileRef = 97E0DA34159EDF7C00BEA465 /* radio.png */; };
		9994CD5B5A274289862EBCEE /* NotificationNames.swift in Sources */ = {isa = PBXBuildFile; fileRef = 197AFF42DDEA46718095DC3F /* NotificationNames.swift */; };
		BCE59520F3E241C7A3A9BB47 /* Constants.swift in Sources */ = {isa = PBXBuildFile; fileRef = 4912892BCD9F452D912F7C3E /* Constants.swift */; };
		CDE16F7D896A4CA8A7CC428E /* IconMask.swift in Sources */ = {isa = PBXBuildFile; fileRef = EFB0900750CF48EC8605E065 /* IconMask.swift */; };
		E1C1EC121A1AE7E4001E4D8F /* Pandora-Menu-Dark-Play.pdf in Resources */ = {isa = PBXBuildFile; fileRef = E1C1EC101A1AE7E4001E4D8F /* Pandora-Menu-Dark-Play.pdf */; };
		E1C1EC131A1AE7E4001E4D8F /* Pandora-Menu-Dark-Pause.pdf in Resources */ = {isa = PBXBuildFile; fileRef = E1C1EC111A1AE7E4001E4D8F /* Pandora-Menu-Dark-Pause.pdf */; };
		FA04AE9C14438F1000819310 /* thumbdown.png in Resources */ = {isa = PBXBuildFile; fileRef = FA04AE9A14438F1000819310 /* thumbdown.png */; };
		FA04AE9D14438F1000819310 /* thumbup.png in Resources */ = {isa = PBXBuildFile; fileRef = FA04AE9B14438F1000819310 /* thumbup.png */; };
		FA0E555A14784A3000C36794 /* Hermes.sdef in Resources */ = {isa = PBXBuildFile; fileRef = FA0E555914784A3000C36794 /* Hermes.sdef */; };
		FA229D6514429E48008AB9FE /* history.png in Resources */ = {isa = PBXBuildFile; fileRef = FA229D6414429E48008AB9FE /* history.png */; };
		FA2A3F80132BF97E0089AECC /* Pandora.m in Sources */ = {isa = PBXBuildFile; fileRef = FA2A3F78132BF97E0089AECC /* Pandora.m */; };
		FA2A3F98132BF9F50089AECC /* Crypt.m in Sources */ = {isa = PBXBuildFile; fileRef = FA2A3F92132BF9F50089AECC /* Crypt.m */; };
		FA2A3F9A132BF9F50089AECC /* Station.m in Sources */ = {isa = PBXBuildFile; fileRef = FA2A3F97132BF9F50089AECC /* Station.m */; };
		FA3CFE29132F9D30003554E2 /* missing-album.png in Resources */ = {isa = PBXBuildFile; fileRef = FA3CFE28132F9D30003554E2 /* missing-album.png */; };
		FA3CFF44132FC4CF003554E2 /* PlaybackController.m in Sources */ = {isa = PBXBuildFile; fileRef = FA3CFF43132FC4CF003554E2 /* PlaybackController.m */; };
		FA454685156604D100EE98C7 /* blowfish.c in Sources */ = {isa = PBXBuildFile; fileRef = FA454683156604D100EE98C7 /* blowfish.c */; };
		FA7BF0321331832E00E26ADA /* zzs.png in Resources */ = {isa = PBXBuildFile; fileRef = FA7BF0311331832E00E26ADA /* zzs.png */; };
		FA7FD1E413325F6600DF66EB /* volume_up.png in Resources */ = {isa = PBXBuildFile; fileRef = FA7FD1E313325F6600DF66EB /* volume_up.png */; };
		FA85E6CE1333B257005C96B8 /* volume_down.icns in Resources */ = {isa = PBXBuildFile; fileRef = FA85E6CD1333B257005C96B8 /* volume_down.icns */; };
		FA94E6ED1368E5830063860C /* FMEngine.m in Sources */ = {isa = PBXBuildFile; fileRef = FA94E6E71368E5830063860C /* FMEngine.m */; };
		FA94E6EF1368E5830063860C /* NSString+FMEngine.m in Sources */ = {isa = PBXBuildFile; fileRef = FA94E6EB1368E5830063860C /* NSString+FMEngine.m */; };
		FAAB28CF1336FB0300FC04C4 /* pandora.icns in Resources */ = {isa = PBXBuildFile; fileRef = FAAB28CE1336FB0300FC04C4 /* pandora.icns */; };
		FAD42FA4136790DE00E935CA /* dsa_pub.pem in Resources */ = {isa = PBXBuildFile; fileRef = FAD42FA3136790DE00E935CA /* dsa_pub.pem */; };
		FAEFFBD5132CC0E2007DC6FB /* error_icon.png in Resources */ = {isa = PBXBuildFile; fileRef = FAEFFBD4132CC0E2007DC6FB /* error_icon.png */; };
		FAEFFC4D132D6D2A007DC6FB /* pause.png in Resources */ = {isa = PBXBuildFile; fileRef = FAEFFC4B132D6D2A007DC6FB /* pause.png */; };
		FAEFFC4E132D6D2A007DC6FB /* play.png in Resources */ = {isa = PBXBuildFile; fileRef = FAEFFC4C132D6D2A007DC6FB /* play.png */; };
		FAEFFC52132D6EC5007DC6FB /* fast_forward.png in Resources */ = {isa = PBXBuildFile; fileRef = FAEFFC51132D6EC5007DC6FB /* fast_forward.png */; };
		FAFF50D1132EFDD800F02CE0 /* delete.png in Resources */ = {isa = PBXBuildFile; fileRef = FAFF50D0132EFDD800F02CE0 /* delete.png */; };
/* End PBXBuildFile section */

/* Begin PBXContainerItemProxy section */
		44B251C818FE418D00D73344 /* PBXContainerItemProxy */ = {
			isa = PBXContainerItemProxy;
			containerPortal = 29B97313FDCFA39411CA2CEA /* Project object */;
			proxyType = 1;
			remoteGlobalIDString = 8D1107260486CEB800E47090;
			remoteInfo = Hermes;
		};
		44B251CE18FE41EA00D73344 /* PBXContainerItemProxy */ = {
			isa = PBXContainerItemProxy;
			containerPortal = 29B97313FDCFA39411CA2CEA /* Project object */;
			proxyType = 1;
			remoteGlobalIDString = 8D1107260486CEB800E47090;
			remoteInfo = Hermes;
		};
		634D8E9B2F187B0D0069FD8F /* PBXContainerItemProxy */ = {
			isa = PBXContainerItemProxy;
			containerPortal = 29B97313FDCFA39411CA2CEA /* Project object */;
			proxyType = 1;
			remoteGlobalIDString = 8D1107260486CEB800E47090;
			remoteInfo = Hermes;
		};
/* End PBXContainerItemProxy section */

/* Begin PBXCopyFilesBuildPhase section */
		FAD42F9E13678F8800E935CA /* Copy Files */ = {
			isa = PBXCopyFilesBuildPhase;
			buildActionMask = 2147483647;
			dstPath = "";
			dstSubfolderSpec = 10;
			files = (
			);
			name = "Copy Files";
			runOnlyForDeploymentPostprocessing = 0;
		};
/* End PBXCopyFilesBuildPhase section */

/* Begin PBXFileReference section */
		089C165DFE840E0CC02AAC07 /* English */ = {isa = PBXFileReference; fileEncoding = 4; lastKnownFileType = text.plist.strings; name = English; path = English.lproj/InfoPlist.strings; sourceTree = "<group>"; };
		197AFF42DDEA46718095DC3F /* NotificationNames.swift */ = {isa = PBXFileReference; lastKnownFileType = sourcecode.swift; name = NotificationNames.swift; path = Sources/Swift/Utilities/NotificationNames.swift; sourceTree = SOURCE_ROOT; };
		1DDD58150DA1D0A300B32029 /* English */ = {isa = PBXFileReference; lastKnownFileType = file.xib; name = English; path = English.lproj/MainMenu.xib; sourceTree = "<group>"; };
		256AC3F00F4B6AF500CF3369 /* Hermes_Prefix.pch */ = {isa = PBXFileReference; fileEncoding = 4; lastKnownFileType = sourcecode.c.h; path = Hermes_Prefix.pch; sourceTree = "<group>"; };
		44310F8A18EB87AB0095359D /* Credits.rtf */ = {isa = PBXFileReference; fileEncoding = 4; lastKnownFileType = text.rtf; path = Credits.rtf; sourceTree = "<group>"; };
		44411DA5190166FB00EC4E05 /* PandoraDevice.h */ = {isa = PBXFileReference; fileEncoding = 4; lastKnownFileType = sourcecode.c.h; path = PandoraDevice.h; sourceTree = "<group>"; };
		44411DA6190166FB00EC4E05 /* PandoraDevice.m */ = {isa = PBXFileReference; fileEncoding = 4; lastKnownFileType = sourcecode.c.objc; path = PandoraDevice.m; sourceTree = "<group>"; };
		4912892BCD9F452D912F7C3E /* Constants.swift */ = {isa = PBXFileReference; lastKnownFileType = sourcecode.swift; name = Constants.swift; path = Sources/Swift/Utilities/Constants.swift; sourceTree = SOURCE_ROOT; };
		4AC8B812A0CC4AE0A4D40883 /* ViewModifiers.swift */ = {isa = PBXFileReference; lastKnownFileType = sourcecode.swift; name = ViewModifiers.swift; path = Sources/Swift/Utilities/ViewModifiers.swift; sourceTree = SOURCE_ROOT; };
		4D276383AE2745A59B7165F6 /* NetworkMonitor.swift */ = {isa = PBXFileReference; lastKnownFileType = sourcecode.swift; name = NetworkMonitor.swift; path = Sources/Swift/Utilities/NetworkMonitor.swift; sourceTree = SOURCE_ROOT; };
		634D8E582F16EE7A0069FD8F /* SongModel.swift */ = {isa = PBXFileReference; lastKnownFileType = sourcecode.swift; path = SongModel.swift; sourceTree = "<group>"; };
		634D8E592F16EE7A0069FD8F /* StationModel.swift */ = {isa = PBXFileReference; lastKnownFileType = sourcecode.swift; path = StationModel.swift; sourceTree = "<group>"; };
		634D8E5C2F16EE7A0069FD8F /* NotificationBridge.swift */ = {isa = PBXFileReference; lastKnownFileType = sourcecode.swift; path = NotificationBridge.swift; sourceTree = "<group>"; };
		634D8E5D2F16EE7A0069FD8F /* NotificationManager.swift */ = {isa = PBXFileReference; lastKnownFileType = sourcecode.swift; path = NotificationManager.swift; sourceTree = "<group>"; };
		634D8E5F2F16EE7A0069FD8F /* AppState.swift */ = {isa = PBXFileReference; lastKnownFileType = sourcecode.swift; path = AppState.swift; sourceTree = "<group>"; };
		634D8E602F16EE7A0069FD8F /* HistoryViewModel.swift */ = {isa = PBXFileReference; lastKnownFileType = sourcecode.swift; path = HistoryViewModel.swift; sourceTree = "<group>"; };
		634D8E612F16EE7A0069FD8F /* LoginViewModel.swift */ = {isa = PBXFileReference; lastKnownFileType = sourcecode.swift; path = LoginViewModel.swift; sourceTree = "<group>"; };
		634D8E622F16EE7A0069FD8F /* PlayerViewModel.swift */ = {isa = PBXFileReference; lastKnownFileType = sourcecode.swift; path = PlayerViewModel.swift; sourceTree = "<group>"; };
		634D8E632F16EE7A0069FD8F /* StationsViewModel.swift */ = {isa = PBXFileReference; lastKnownFileType = sourcecode.swift; path = StationsViewModel.swift; sourceTree = "<group>"; };
		634D8E652F16EE7A0069FD8F /* AlbumArtPreviewView.swift */ = {isa = PBXFileReference; lastKnownFileType = sourcecode.swift; path = AlbumArtPreviewView.swift; sourceTree = "<group>"; };
		634D8E662F16EE7A0069FD8F /* ContentView.swift */ = {isa = PBXFileReference; lastKnownFileType = sourcecode.swift; path = ContentView.swift; sourceTree = "<group>"; };
		634D8E672F16EE7A0069FD8F /* ErrorView.swift */ = {isa = PBXFileReference; lastKnownFileType = sourcecode.swift; path = ErrorView.swift; sourceTree = "<group>"; };
		634D8E682F16EE7A0069FD8F /* HistoryListView.swift */ = {isa = PBXFileReference; lastKnownFileType = sourcecode.swift; path = HistoryListView.swift; sourceTree = "<group>"; };
		634D8E692F16EE7A0069FD8F /* LoginView.swift */ = {isa = PBXFileReference; lastKnownFileType = sourcecode.swift; path = LoginView.swift; sourceTree = "<group>"; };
		634D8E6A2F16EE7A0069FD8F /* PlayerView.swift */ = {isa = PBXFileReference; lastKnownFileType = sourcecode.swift; path = PlayerView.swift; sourceTree = "<group>"; };
		634D8E6B2F16EE7A0069FD8F /* PreferencesView.swift */ = {isa = PBXFileReference; lastKnownFileType = sourcecode.swift; path = PreferencesView.swift; sourceTree = "<group>"; };
		634D8E6C2F16EE7A0069FD8F /* SidebarView.swift */ = {isa = PBXFileReference; lastKnownFileType = sourcecode.swift; path = SidebarView.swift; sourceTree = "<group>"; };
		634D8E6D2F16EE7A0069FD8F /* StationsListView.swift */ = {isa = PBXFileReference; lastKnownFileType = sourcecode.swift; path = StationsListView.swift; sourceTree = "<group>"; };
		634D8E6F2F16EE7A0069FD8F /* HermesApp.swift */ = {isa = PBXFileReference; lastKnownFileType = sourcecode.swift; path = HermesApp.swift; sourceTree = "<group>"; };
		634D8E702F16EE7A0069FD8F /* MinimalAppDelegate.swift */ = {isa = PBXFileReference; lastKnownFileType = sourcecode.swift; path = MinimalAppDelegate.swift; sourceTree = "<group>"; };
		634D8E892F1718050069FD8F /* StationAddViewModel.swift */ = {isa = PBXFileReference; lastKnownFileType = sourcecode.swift; path = StationAddViewModel.swift; sourceTree = "<group>"; };
		634D8E8B2F1718140069FD8F /* StationAddView.swift */ = {isa = PBXFileReference; lastKnownFileType = sourcecode.swift; path = StationAddView.swift; sourceTree = "<group>"; };
		634D8E8D2F1719DA0069FD8F /* StationEditViewModel.swift */ = {isa = PBXFileReference; lastKnownFileType = sourcecode.swift; path = StationEditViewModel.swift; sourceTree = "<group>"; };
		634D8E8F2F1719EA0069FD8F /* StationEditView.swift */ = {isa = PBXFileReference; lastKnownFileType = sourcecode.swift; path = StationEditView.swift; sourceTree = "<group>"; };
		634D8E912F171F060069FD8F /* SettingsManager.swift */ = {isa = PBXFileReference; lastKnownFileType = sourcecode.swift; path = SettingsManager.swift; sourceTree = "<group>"; };
		634D8E932F171F070069FD8F /* WindowTracker.swift */ = {isa = PBXFileReference; lastKnownFileType = sourcecode.swift; path = WindowTracker.swift; sourceTree = "<group>"; };
		634D8E952F171FFF0069FD8F /* PreviewMocks.swift */ = {isa = PBXFileReference; lastKnownFileType = sourcecode.swift; path = PreviewMocks.swift; sourceTree = "<group>"; };
		634D8E972F1720000069FD8F /* KeychainManager.swift */ = {isa = PBXFileReference; lastKnownFileType = sourcecode.swift; path = KeychainManager.swift; sourceTree = "<group>"; };
		634D8E972F187B0D0069FD8F /* HermesTests.xctest */ = {isa = PBXFileReference; explicitFileType = wrapper.cfbundle; includeInIndex = 0; path = HermesTests.xctest; sourceTree = BUILT_PRODUCTS_DIR; };
		634D90E72F19AD5E0069FD8F /* AppleScriptSupport.swift */ = {isa = PBXFileReference; lastKnownFileType = sourcecode.swift; path = AppleScriptSupport.swift; sourceTree = "<group>"; };
		634D90E82F19AD5E0069FD8F /* LastFMService.swift */ = {isa = PBXFileReference; lastKnownFileType = sourcecode.swift; path = LastFMService.swift; sourceTree = "<group>"; };
		634D910A2F19BCB10069FD8F /* PandoraDevice.swift */ = {isa = PBXFileReference; lastKnownFileType = sourcecode.swift; path = PandoraDevice.swift; sourceTree = "<group>"; };
		634D910B2F19BCB10069FD8F /* Song.swift */ = {isa = PBXFileReference; lastKnownFileType = sourcecode.swift; path = Song.swift; sourceTree = "<group>"; };
		83CE1A66FC3E4E83B90BC42F /* HTTPClient.swift */ = {isa = PBXFileReference; lastKnownFileType = sourcecode.swift; name = HTTPClient.swift; path = Sources/Swift/Utilities/HTTPClient.swift; sourceTree = SOURCE_ROOT; };
		843B578919660680000898F2 /* NSObject+SPInvocationGrabbing.h */ = {isa = PBXFileReference; fileEncoding = 4; lastKnownFileType = sourcecode.c.h; path = "NSObject+SPInvocationGrabbing.h"; sourceTree = "<group>"; };
		843B578A19660680000898F2 /* NSObject+SPInvocationGrabbing.m */ = {isa = PBXFileReference; fileEncoding = 4; lastKnownFileType = sourcecode.c.objc; path = "NSObject+SPInvocationGrabbing.m"; sourceTree = "<group>"; };
		8D1107310486CEB800E47090 /* Hermes-Info.plist */ = {isa = PBXFileReference; fileEncoding = 4; lastKnownFileType = text.plist.xml; path = "Hermes-Info.plist"; sourceTree = "<group>"; };
		8D1107320486CEB800E47090 /* Hermes.app */ = {isa = PBXFileReference; explicitFileType = wrapper.application; includeInIndex = 0; path = Hermes.app; sourceTree = BUILT_PRODUCTS_DIR; };
		97177193159EAA7D00EE3355 /* cd.png */ = {isa = PBXFileReference; lastKnownFileType = image.png; path = cd.png; sourceTree = "<group>"; };
		97177199159EB0E200EE3355 /* music-note.png */ = {isa = PBXFileReference; lastKnownFileType = image.png; path = "music-note.png"; sourceTree = "<group>"; };
		9728D898158C3DA500C078A4 /* SPMediaKeyTap.h */ = {isa = PBXFileReference; fileEncoding = 4; lastKnownFileType = sourcecode.c.h; path = SPMediaKeyTap.h; sourceTree = "<group>"; };
		9728D899158C3DA500C078A4 /* SPMediaKeyTap.m */ = {isa = PBXFileReference; fileEncoding = 4; indentWidth = 4; lastKnownFileType = sourcecode.c.objc; path = SPMediaKeyTap.m; sourceTree = "<group>"; tabWidth = 4; usesTabs = 1; };
		97E0DA34159EDF7C00BEA465 /* radio.png */ = {isa = PBXFileReference; lastKnownFileType = image.png; path = radio.png; sourceTree = "<group>"; };
		B42501158E25473A9B5A38CF /* ImageCache.swift */ = {isa = PBXFileReference; lastKnownFileType = sourcecode.swift; name = ImageCache.swift; path = Sources/Swift/Utilities/ImageCache.swift; sourceTree = SOURCE_ROOT; };
		D19183DC23704102B6CFDB12 /* MenuBarView.swift */ = {isa = PBXFileReference; lastKnownFileType = sourcecode.swift; name = MenuBarView.swift; path = Sources/Swift/Views/MenuBarView.swift; sourceTree = SOURCE_ROOT; };
		DD2036192DD64C5DB24413F7 /* StationArtworkLoader.swift */ = {isa = PBXFileReference; lastKnownFileType = sourcecode.swift; name = StationArtworkLoader.swift; path = Sources/Swift/Services/StationArtworkLoader.swift; sourceTree = SOURCE_ROOT; };
		E137BA0A2132E698002E513C /* RELEASING.md */ = {isa = PBXFileReference; lastKnownFileType = net.daringfireball.markdown; path = RELEASING.md; sourceTree = SOURCE_ROOT; };
		E1C07AF1C3E448FDB3B2CA5E /* SidebarWidthKey.swift */ = {isa = PBXFileReference; lastKnownFileType = sourcecode.swift; name = SidebarWidthKey.swift; path = Sources/Swift/Utilities/SidebarWidthKey.swift; sourceTree = SOURCE_ROOT; };
		E1C1EC101A1AE7E4001E4D8F /* Pandora-Menu-Dark-Play.pdf */ = {isa = PBXFileReference; lastKnownFileType = image.pdf; path = "Pandora-Menu-Dark-Play.pdf"; sourceTree = "<group>"; };
		E1C1EC111A1AE7E4001E4D8F /* Pandora-Menu-Dark-Pause.pdf */ = {isa = PBXFileReference; lastKnownFileType = image.pdf; path = "Pandora-Menu-Dark-Pause.pdf"; sourceTree = "<group>"; };
		EFB0900750CF48EC8605E065 /* IconMask.swift */ = {isa = PBXFileReference; lastKnownFileType = sourcecode.swift; name = IconMask.swift; path = Sources/Swift/Utilities/IconMask.swift; sourceTree = SOURCE_ROOT; };
		FA04AE9A14438F1000819310 /* thumbdown.png */ = {isa = PBXFileReference; lastKnownFileType = image.png; path = thumbdown.png; sourceTree = "<group>"; };
		FA04AE9B14438F1000819310 /* thumbup.png */ = {isa = PBXFileReference; lastKnownFileType = image.png; path = thumbup.png; sourceTree = "<group>"; };
		FA0E555914784A3000C36794 /* Hermes.sdef */ = {isa = PBXFileReference; fileEncoding = 4; lastKnownFileType = text; path = Hermes.sdef; sourceTree = "<group>"; };
		FA229D6414429E48008AB9FE /* history.png */ = {isa = PBXFileReference; lastKnownFileType = image.png; path = history.png; sourceTree = "<group>"; };
		FA24435E136B3D6C00E126D3 /* CHANGELOG.md */ = {isa = PBXFileReference; fileEncoding = 4; lastKnownFileType = text; name = CHANGELOG.md; path = ../CHANGELOG.md; sourceTree = "<group>"; };
		FA24435F136B3D6C00E126D3 /* README.md */ = {isa = PBXFileReference; fileEncoding = 4; lastKnownFileType = text; name = README.md; path = ../README.md; sourceTree = "<group>"; };
		FA2A3F77132BF97E0089AECC /* Pandora.h */ = {isa = PBXFileReference; fileEncoding = 4; lastKnownFileType = sourcecode.c.h; path = Pandora.h; sourceTree = "<group>"; };
		FA2A3F78132BF97E0089AECC /* Pandora.m */ = {isa = PBXFileReference; fileEncoding = 4; lastKnownFileType = sourcecode.c.objc; path = Pandora.m; sourceTree = "<group>"; };
		FA2A3F91132BF9F50089AECC /* Crypt.h */ = {isa = PBXFileReference; fileEncoding = 4; lastKnownFileType = sourcecode.c.h; path = Crypt.h; sourceTree = "<group>"; };
		FA2A3F92132BF9F50089AECC /* Crypt.m */ = {isa = PBXFileReference; fileEncoding = 4; lastKnownFileType = sourcecode.c.objc; path = Crypt.m; sourceTree = "<group>"; };
		FA2A3F96132BF9F50089AECC /* Station.h */ = {isa = PBXFileReference; fileEncoding = 4; lastKnownFileType = sourcecode.c.h; path = Station.h; sourceTree = "<group>"; };
		FA2A3F97132BF9F50089AECC /* Station.m */ = {isa = PBXFileReference; fileEncoding = 4; lastKnownFileType = sourcecode.c.objc; path = Station.m; sourceTree = "<group>"; };
		FA3CFE28132F9D30003554E2 /* missing-album.png */ = {isa = PBXFileReference; lastKnownFileType = image.png; path = "missing-album.png"; sourceTree = "<group>"; };
		FA3CFF42132FC4CF003554E2 /* PlaybackController.h */ = {isa = PBXFileReference; fileEncoding = 4; lastKnownFileType = sourcecode.c.h; name = PlaybackController.h; path = Controllers/PlaybackController.h; sourceTree = "<group>"; };
		FA3CFF43132FC4CF003554E2 /* PlaybackController.m */ = {isa = PBXFileReference; fileEncoding = 4; lastKnownFileType = sourcecode.c.objc; name = PlaybackController.m; path = Controllers/PlaybackController.m; sourceTree = "<group>"; };
		FA454683156604D100EE98C7 /* blowfish.c */ = {isa = PBXFileReference; fileEncoding = 4; lastKnownFileType = sourcecode.c.c; path = blowfish.c; sourceTree = "<group>"; };
		FA454684156604D100EE98C7 /* blowfish.h */ = {isa = PBXFileReference; fileEncoding = 4; lastKnownFileType = sourcecode.c.h; path = blowfish.h; sourceTree = "<group>"; };
		FA7BF0311331832E00E26ADA /* zzs.png */ = {isa = PBXFileReference; lastKnownFileType = image.png; path = zzs.png; sourceTree = "<group>"; };
		FA7FD1E313325F6600DF66EB /* volume_up.png */ = {isa = PBXFileReference; lastKnownFileType = image.png; path = volume_up.png; sourceTree = "<group>"; };
		FA85E6CD1333B257005C96B8 /* volume_down.icns */ = {isa = PBXFileReference; lastKnownFileType = image.icns; path = volume_down.icns; sourceTree = "<group>"; };
		FA94E6E61368E5830063860C /* FMEngine.h */ = {isa = PBXFileReference; fileEncoding = 4; lastKnownFileType = sourcecode.c.h; path = FMEngine.h; sourceTree = "<group>"; };
		FA94E6E71368E5830063860C /* FMEngine.m */ = {isa = PBXFileReference; fileEncoding = 4; lastKnownFileType = sourcecode.c.objc; path = FMEngine.m; sourceTree = "<group>"; };
		FA94E6EA1368E5830063860C /* NSString+FMEngine.h */ = {isa = PBXFileReference; fileEncoding = 4; lastKnownFileType = sourcecode.c.h; path = "NSString+FMEngine.h"; sourceTree = "<group>"; };
		FA94E6EB1368E5830063860C /* NSString+FMEngine.m */ = {isa = PBXFileReference; fileEncoding = 4; lastKnownFileType = sourcecode.c.objc; path = "NSString+FMEngine.m"; sourceTree = "<group>"; };
		FA99E25915E4B7EA005AB6E6 /* ASPlaylist.h */ = {isa = PBXFileReference; fileEncoding = 4; lastKnownFileType = sourcecode.c.h; path = ASPlaylist.h; sourceTree = "<group>"; };
		FA99E25A15E4B7EA005AB6E6 /* ASPlaylist.m */ = {isa = PBXFileReference; fileEncoding = 4; lastKnownFileType = sourcecode.c.objc; path = ASPlaylist.m; sourceTree = "<group>"; };
		FAAB28CE1336FB0300FC04C4 /* pandora.icns */ = {isa = PBXFileReference; lastKnownFileType = image.icns; path = pandora.icns; sourceTree = "<group>"; };
		FACF0183149A713700D1FB73 /* AudioStreamer.h */ = {isa = PBXFileReference; lastKnownFileType = sourcecode.c.h; path = AudioStreamer.h; sourceTree = "<group>"; };
		FACF0184149A713700D1FB73 /* AudioStreamer.m */ = {isa = PBXFileReference; lastKnownFileType = sourcecode.c.objc; path = AudioStreamer.m; sourceTree = "<group>"; };
		FAD42FA3136790DE00E935CA /* dsa_pub.pem */ = {isa = PBXFileReference; fileEncoding = 4; lastKnownFileType = text; path = dsa_pub.pem; sourceTree = "<group>"; };
		FAEFFBD4132CC0E2007DC6FB /* error_icon.png */ = {isa = PBXFileReference; explicitFileType = image.png; path = error_icon.png; sourceTree = "<group>"; };
		FAEFFC4B132D6D2A007DC6FB /* pause.png */ = {isa = PBXFileReference; lastKnownFileType = image.png; path = pause.png; sourceTree = "<group>"; };
		FAEFFC4C132D6D2A007DC6FB /* play.png */ = {isa = PBXFileReference; lastKnownFileType = image.png; path = play.png; sourceTree = "<group>"; };
		FAEFFC51132D6EC5007DC6FB /* fast_forward.png */ = {isa = PBXFileReference; lastKnownFileType = image.png; path = fast_forward.png; sourceTree = "<group>"; };
		FAFF50D0132EFDD800F02CE0 /* delete.png */ = {isa = PBXFileReference; lastKnownFileType = image.png; path = delete.png; sourceTree = "<group>"; };
/* End PBXFileReference section */

/* Begin PBXFileSystemSynchronizedRootGroup section */
		634D8E982F187B0D0069FD8F /* HermesTests */ = {isa = PBXFileSystemSynchronizedRootGroup; explicitFileTypes = {}; explicitFolders = (); path = HermesTests; sourceTree = "<group>"; };
/* End PBXFileSystemSynchronizedRootGroup section */

/* Begin PBXFrameworksBuildPhase section */
		634D8E942F187B0D0069FD8F /* Frameworks */ = {
			isa = PBXFrameworksBuildPhase;
			buildActionMask = 2147483647;
			files = (
			);
			runOnlyForDeploymentPostprocessing = 0;
		};
		8D11072E0486CEB800E47090 /* Frameworks */ = {
			isa = PBXFrameworksBuildPhase;
			buildActionMask = 2147483647;
			files = (
			);
			runOnlyForDeploymentPostprocessing = 0;
		};
/* End PBXFrameworksBuildPhase section */

/* Begin PBXGroup section */
		080E96DDFE201D6D7F000001 /* Sources */ = {
			isa = PBXGroup;
			children = (
				634D8E712F16EE7A0069FD8F /* Swift */,
				256AC3F00F4B6AF500CF3369 /* Hermes_Prefix.pch */,
				FACF0180149A713700D1FB73 /* AudioStreamer */,
				FA0E5568147855AB00C36794 /* Controllers */,
				FA2A3F90132BF9F50089AECC /* Pandora */,
			);
			path = Sources;
			sourceTree = "<group>";
		};
		19C28FACFE9D520D11CA2CBB /* Products */ = {
			isa = PBXGroup;
			children = (
				8D1107320486CEB800E47090 /* Hermes.app */,
				634D8E972F187B0D0069FD8F /* HermesTests.xctest */,
			);
			name = Products;
			sourceTree = "<group>";
		};
		29B97314FDCFA39411CA2CEA /* Pithos */ = {
			isa = PBXGroup;
			children = (
				4436BF6B18F4DBE600DDD578 /* ImportedSources */,
				080E96DDFE201D6D7F000001 /* Sources */,
				29B97317FDCFA39411CA2CEA /* Resources */,
				634D8E982F187B0D0069FD8F /* HermesTests */,
				19C28FACFE9D520D11CA2CBB /* Products */,
			);
			indentWidth = 2;
			name = Pithos;
			sourceTree = "<group>";
			tabWidth = 2;
		};
		29B97317FDCFA39411CA2CEA /* Resources */ = {
			isa = PBXGroup;
			children = (
				FA24435E136B3D6C00E126D3 /* CHANGELOG.md */,
				FAD42FA3136790DE00E935CA /* dsa_pub.pem */,
				8D1107310486CEB800E47090 /* Hermes-Info.plist */,
				FAEFFBFF132D620B007DC6FB /* Icons */,
				089C165CFE840E0CC02AAC07 /* InfoPlist.strings */,
				1DDD58140DA1D0A300B32029 /* MainMenu.xib */,
				FAAB28CE1336FB0300FC04C4 /* pandora.icns */,
				FA24435F136B3D6C00E126D3 /* README.md */,
				E137BA0A2132E698002E513C /* RELEASING.md */,
				FA0E555914784A3000C36794 /* Hermes.sdef */,
				44310F8A18EB87AB0095359D /* Credits.rtf */,
			);
			path = Resources;
			sourceTree = "<group>";
		};
		4436BF6B18F4DBE600DDD578 /* ImportedSources */ = {
			isa = PBXGroup;
			children = (
				4436BF6C18F4DC1F00DDD578 /* blowfish */,
				FA94E6E31368E5830063860C /* FMEngine */,
				9728D887158C3D3100C078A4 /* SPMediaKeyTap */,
			);
			path = ImportedSources;
			sourceTree = "<group>";
		};
		4436BF6C18F4DC1F00DDD578 /* blowfish */ = {
			isa = PBXGroup;
			children = (
				FA454683156604D100EE98C7 /* blowfish.c */,
				FA454684156604D100EE98C7 /* blowfish.h */,
			);
			path = blowfish;
			sourceTree = "<group>";
		};
		634D8E5A2F16EE7A0069FD8F /* Models */ = {
			isa = PBXGroup;
			children = (
				634D910A2F19BCB10069FD8F /* PandoraDevice.swift */,
				634D910B2F19BCB10069FD8F /* Song.swift */,
				634D8E582F16EE7A0069FD8F /* SongModel.swift */,
				634D8E592F16EE7A0069FD8F /* StationModel.swift */,
			);
			path = Models;
			sourceTree = "<group>";
		};
		634D8E5E2F16EE7A0069FD8F /* Utilities */ = {
			isa = PBXGroup;
			children = (
				634D8E912F171F060069FD8F /* SettingsManager.swift */,
				634D8E932F171F070069FD8F /* WindowTracker.swift */,
				634D8E972F1720000069FD8F /* KeychainManager.swift */,
				634D8E5C2F16EE7A0069FD8F /* NotificationBridge.swift */,
				634D8E5D2F16EE7A0069FD8F /* NotificationManager.swift */,
				4912892BCD9F452D912F7C3E /* Constants.swift */,
				B42501158E25473A9B5A38CF /* ImageCache.swift */,
				197AFF42DDEA46718095DC3F /* NotificationNames.swift */,
				83CE1A66FC3E4E83B90BC42F /* HTTPClient.swift */,
				4D276383AE2745A59B7165F6 /* NetworkMonitor.swift */,
				E1C07AF1C3E448FDB3B2CA5E /* SidebarWidthKey.swift */,
				EFB0900750CF48EC8605E065 /* IconMask.swift */,
				4AC8B812A0CC4AE0A4D40883 /* ViewModifiers.swift */,
			);
			path = Utilities;
			sourceTree = "<group>";
		};
		634D8E642F16EE7A0069FD8F /* ViewModels */ = {
			isa = PBXGroup;
			children = (
				634D8E8D2F1719DA0069FD8F /* StationEditViewModel.swift */,
				634D8E892F1718050069FD8F /* StationAddViewModel.swift */,
				634D8E5F2F16EE7A0069FD8F /* AppState.swift */,
				634D8E602F16EE7A0069FD8F /* HistoryViewModel.swift */,
				634D8E612F16EE7A0069FD8F /* LoginViewModel.swift */,
				634D8E622F16EE7A0069FD8F /* PlayerViewModel.swift */,
				634D8E632F16EE7A0069FD8F /* StationsViewModel.swift */,
				634D8E952F171FFF0069FD8F /* PreviewMocks.swift */,
			);
			path = ViewModels;
			sourceTree = "<group>";
		};
		634D8E6E2F16EE7A0069FD8F /* Views */ = {
			isa = PBXGroup;
			children = (
				634D8E8F2F1719EA0069FD8F /* StationEditView.swift */,
				634D8E8B2F1718140069FD8F /* StationAddView.swift */,
				634D8E652F16EE7A0069FD8F /* AlbumArtPreviewView.swift */,
				634D8E662F16EE7A0069FD8F /* ContentView.swift */,
				634D8E672F16EE7A0069FD8F /* ErrorView.swift */,
				634D8E682F16EE7A0069FD8F /* HistoryListView.swift */,
				634D8E692F16EE7A0069FD8F /* LoginView.swift */,
				634D8E6A2F16EE7A0069FD8F /* PlayerView.swift */,
				634D8E6B2F16EE7A0069FD8F /* PreferencesView.swift */,
				634D8E6C2F16EE7A0069FD8F /* SidebarView.swift */,
				634D8E6D2F16EE7A0069FD8F /* StationsListView.swift */,
				D19183DC23704102B6CFDB12 /* MenuBarView.swift */,
			);
			path = Views;
			sourceTree = "<group>";
		};
		634D8E712F16EE7A0069FD8F /* Swift */ = {
			isa = PBXGroup;
			children = (
				634D90E92F19AD5E0069FD8F /* Services */,
				634D8E5A2F16EE7A0069FD8F /* Models */,
				634D8E5E2F16EE7A0069FD8F /* Utilities */,
				634D8E642F16EE7A0069FD8F /* ViewModels */,
				634D8E6E2F16EE7A0069FD8F /* Views */,
				634D8E6F2F16EE7A0069FD8F /* HermesApp.swift */,
				634D8E702F16EE7A0069FD8F /* MinimalAppDelegate.swift */,
			);
			path = Swift;
			sourceTree = "<group>";
		};
		634D90E92F19AD5E0069FD8F /* Services */ = {
			isa = PBXGroup;
			children = (
				634D90E72F19AD5E0069FD8F /* AppleScriptSupport.swift */,
				634D90E82F19AD5E0069FD8F /* LastFMService.swift */,
				DD2036192DD64C5DB24413F7 /* StationArtworkLoader.swift */,
			);
			path = Services;
			sourceTree = "<group>";
		};
		9728D887158C3D3100C078A4 /* SPMediaKeyTap */ = {
			isa = PBXGroup;
			children = (
				843B578919660680000898F2 /* NSObject+SPInvocationGrabbing.h */,
				843B578A19660680000898F2 /* NSObject+SPInvocationGrabbing.m */,
				9728D898158C3DA500C078A4 /* SPMediaKeyTap.h */,
				9728D899158C3DA500C078A4 /* SPMediaKeyTap.m */,
			);
			path = SPMediaKeyTap;
			sourceTree = "<group>";
		};
		FA0E5568147855AB00C36794 /* Controllers */ = {
			isa = PBXGroup;
			children = (
				FA3CFF42132FC4CF003554E2 /* PlaybackController.h */,
				FA3CFF43132FC4CF003554E2 /* PlaybackController.m */,
			);
			name = Controllers;
			sourceTree = "<group>";
		};
		FA2A3F90132BF9F50089AECC /* Pandora */ = {
			isa = PBXGroup;
			children = (
				FA2A3F77132BF97E0089AECC /* Pandora.h */,
				FA2A3F78132BF97E0089AECC /* Pandora.m */,
				FA2A3F91132BF9F50089AECC /* Crypt.h */,
				FA2A3F92132BF9F50089AECC /* Crypt.m */,
				FA2A3F96132BF9F50089AECC /* Station.h */,
				FA2A3F97132BF9F50089AECC /* Station.m */,
				44411DA5190166FB00EC4E05 /* PandoraDevice.h */,
				44411DA6190166FB00EC4E05 /* PandoraDevice.m */,
			);
			path = Pandora;
			sourceTree = "<group>";
		};
		FA94E6E31368E5830063860C /* FMEngine */ = {
			isa = PBXGroup;
			children = (
				FA94E6E61368E5830063860C /* FMEngine.h */,
				FA94E6E71368E5830063860C /* FMEngine.m */,
				FA94E6EA1368E5830063860C /* NSString+FMEngine.h */,
				FA94E6EB1368E5830063860C /* NSString+FMEngine.m */,
			);
			path = FMEngine;
			sourceTree = "<group>";
		};
		FACF0180149A713700D1FB73 /* AudioStreamer */ = {
			isa = PBXGroup;
			children = (
				FACF0183149A713700D1FB73 /* AudioStreamer.h */,
				FACF0184149A713700D1FB73 /* AudioStreamer.m */,
				FA99E25915E4B7EA005AB6E6 /* ASPlaylist.h */,
				FA99E25A15E4B7EA005AB6E6 /* ASPlaylist.m */,
			);
			path = AudioStreamer;
			sourceTree = "<group>";
		};
		FAEFFBFF132D620B007DC6FB /* Icons */ = {
			isa = PBXGroup;
			children = (
				97E0DA34159EDF7C00BEA465 /* radio.png */,
				97177199159EB0E200EE3355 /* music-note.png */,
				97177193159EAA7D00EE3355 /* cd.png */,
				FA04AE9A14438F1000819310 /* thumbdown.png */,
				FA04AE9B14438F1000819310 /* thumbup.png */,
				FA229D6414429E48008AB9FE /* history.png */,
				FA85E6CD1333B257005C96B8 /* volume_down.icns */,
				FA7FD1E313325F6600DF66EB /* volume_up.png */,
				FA7BF0311331832E00E26ADA /* zzs.png */,
				FA3CFE28132F9D30003554E2 /* missing-album.png */,
				FAFF50D0132EFDD800F02CE0 /* delete.png */,
				FAEFFC51132D6EC5007DC6FB /* fast_forward.png */,
				FAEFFC4B132D6D2A007DC6FB /* pause.png */,
				FAEFFC4C132D6D2A007DC6FB /* play.png */,
				FAEFFBD4132CC0E2007DC6FB /* error_icon.png */,
				E1C1EC101A1AE7E4001E4D8F /* Pandora-Menu-Dark-Play.pdf */,
				E1C1EC111A1AE7E4001E4D8F /* Pandora-Menu-Dark-Pause.pdf */,
			);
			path = Icons;
			sourceTree = "<group>";
		};
/* End PBXGroup section */

/* Begin PBXLegacyTarget section */
		44B251C418FE415900D73344 /* Archive Hermes */ = {
			isa = PBXLegacyTarget;
			buildArgumentsString = "$(ACTION)";
			buildConfigurationList = 44B251C718FE415900D73344 /* Build configuration list for PBXLegacyTarget "Archive Hermes" */;
			buildPhases = (
			);
			buildToolPath = Scripts/archive.sh;
			buildWorkingDirectory = "";
			dependencies = (
				44B251C918FE418D00D73344 /* PBXTargetDependency */,
			);
			name = "Archive Hermes";
			passBuildSettingsInEnvironment = 1;
			productName = "Archive Hermes";
		};
		44B251CA18FE41D400D73344 /* Upload Hermes Release */ = {
			isa = PBXLegacyTarget;
			buildArgumentsString = "$(ACTION)";
			buildConfigurationList = 44B251CB18FE41D400D73344 /* Build configuration list for PBXLegacyTarget "Upload Hermes Release" */;
			buildPhases = (
			);
			buildToolPath = Scripts/upload_release.sh;
			buildWorkingDirectory = "";
			dependencies = (
				44B251CF18FE41EA00D73344 /* PBXTargetDependency */,
			);
			name = "Upload Hermes Release";
			passBuildSettingsInEnvironment = 1;
			productName = "Upload Hermes Release";
		};
/* End PBXLegacyTarget section */

/* Begin PBXNativeTarget section */
		634D8E962F187B0D0069FD8F /* HermesTests */ = {
			isa = PBXNativeTarget;
			buildConfigurationList = 634D8E9F2F187B0D0069FD8F /* Build configuration list for PBXNativeTarget "HermesTests" */;
			buildPhases = (
				634D8E932F187B0D0069FD8F /* Sources */,
				634D8E942F187B0D0069FD8F /* Frameworks */,
				634D8E952F187B0D0069FD8F /* Resources */,
			);
			buildRules = (
			);
			dependencies = (
				634D8E9C2F187B0D0069FD8F /* PBXTargetDependency */,
			);
			fileSystemSynchronizedGroups = (
				634D8E982F187B0D0069FD8F /* HermesTests */,
			);
			name = HermesTests;
			packageProductDependencies = (
			);
			productName = HermesTests;
			productReference = 634D8E972F187B0D0069FD8F /* HermesTests.xctest */;
			productType = "com.apple.product-type.bundle.unit-test";
		};
		8D1107260486CEB800E47090 /* Hermes */ = {
			isa = PBXNativeTarget;
			buildConfigurationList = C01FCF4A08A954540054247B /* Build configuration list for PBXNativeTarget "Hermes" */;
			buildPhases = (
				8D1107290486CEB800E47090 /* Resources */,
				8D11072C0486CEB800E47090 /* Sources */,
				8D11072E0486CEB800E47090 /* Frameworks */,
				FAD42F9E13678F8800E935CA /* Copy Files */,
			);
			buildRules = (
			);
			dependencies = (
			);
			name = Hermes;
			productInstallPath = "$(HOME)/Applications";
			productName = Pithos;
			productReference = 8D1107320486CEB800E47090 /* Hermes.app */;
			productType = "com.apple.product-type.application";
		};
/* End PBXNativeTarget section */

/* Begin PBXProject section */
		29B97313FDCFA39411CA2CEA /* Project object */ = {
			isa = PBXProject;
			attributes = {
				BuildIndependentTargetsInParallel = YES;
				LastSwiftUpdateCheck = 2620;
				LastUpgradeCheck = 2620;
				TargetAttributes = {
					634D8E962F187B0D0069FD8F = {
						CreatedOnToolsVersion = 26.2;
						TestTargetID = 8D1107260486CEB800E47090;
					};
					8D1107260486CEB800E47090 = {
						ProvisioningStyle = Automatic;
					};
				};
			};
			buildConfigurationList = C01FCF4E08A954540054247B /* Build configuration list for PBXProject "Hermes" */;
			compatibilityVersion = "Xcode 6.3";
			developmentRegion = English;
			hasScannedForEncodings = 1;
			knownRegions = (
				English,
				Japanese,
				French,
				German,
				en,
			);
			mainGroup = 29B97314FDCFA39411CA2CEA /* Pithos */;
			packageReferences = (
			);
			projectDirPath = "";
			projectRoot = "";
			targets = (
				8D1107260486CEB800E47090 /* Hermes */,
				44B251C418FE415900D73344 /* Archive Hermes */,
				44B251CA18FE41D400D73344 /* Upload Hermes Release */,
				634D8E962F187B0D0069FD8F /* HermesTests */,
			);
		};
/* End PBXProject section */

/* Begin PBXResourcesBuildPhase section */
		634D8E952F187B0D0069FD8F /* Resources */ = {
			isa = PBXResourcesBuildPhase;
			buildActionMask = 2147483647;
			files = (
			);
			runOnlyForDeploymentPostprocessing = 0;
		};
		8D1107290486CEB800E47090 /* Resources */ = {
			isa = PBXResourcesBuildPhase;
			buildActionMask = 2147483647;
			files = (
				8D11072B0486CEB800E47090 /* InfoPlist.strings in Resources */,
				FAEFFBD5132CC0E2007DC6FB /* error_icon.png in Resources */,
				FAEFFC4D132D6D2A007DC6FB /* pause.png in Resources */,
				FAEFFC4E132D6D2A007DC6FB /* play.png in Resources */,
				FAEFFC52132D6EC5007DC6FB /* fast_forward.png in Resources */,
				FAFF50D1132EFDD800F02CE0 /* delete.png in Resources */,
				FA3CFE29132F9D30003554E2 /* missing-album.png in Resources */,
				E1C1EC121A1AE7E4001E4D8F /* Pandora-Menu-Dark-Play.pdf in Resources */,
				FA7BF0321331832E00E26ADA /* zzs.png in Resources */,
				FA7FD1E413325F6600DF66EB /* volume_up.png in Resources */,
				FA85E6CE1333B257005C96B8 /* volume_down.icns in Resources */,
				FAAB28CF1336FB0300FC04C4 /* pandora.icns in Resources */,
				FAD42FA4136790DE00E935CA /* dsa_pub.pem in Resources */,
				FA229D6514429E48008AB9FE /* history.png in Resources */,
				FA04AE9C14438F1000819310 /* thumbdown.png in Resources */,
				FA04AE9D14438F1000819310 /* thumbup.png in Resources */,
				FA0E555A14784A3000C36794 /* Hermes.sdef in Resources */,
				44310F8B18EB87AB0095359D /* Credits.rtf in Resources */,
				97177194159EAA7D00EE3355 /* cd.png in Resources */,
				E1C1EC131A1AE7E4001E4D8F /* Pandora-Menu-Dark-Pause.pdf in Resources */,
				9717719A159EB0E200EE3355 /* music-note.png in Resources */,
				97E0DA35159EDF7C00BEA465 /* radio.png in Resources */,
			);
			runOnlyForDeploymentPostprocessing = 0;
		};
/* End PBXResourcesBuildPhase section */

/* Begin PBXSourcesBuildPhase section */
		634D8E932F187B0D0069FD8F /* Sources */ = {
			isa = PBXSourcesBuildPhase;
			buildActionMask = 2147483647;
			files = (
			);
			runOnlyForDeploymentPostprocessing = 0;
		};
		8D11072C0486CEB800E47090 /* Sources */ = {
			isa = PBXSourcesBuildPhase;
			buildActionMask = 2147483647;
			files = (
				441C9F0E1CC80AA0000A0302 /* ASPlaylist.m in Sources */,
				FA2A3F80132BF97E0089AECC /* Pandora.m in Sources */,
				FA2A3F98132BF9F50089AECC /* Crypt.m in Sources */,
				FA2A3F9A132BF9F50089AECC /* Station.m in Sources */,
				634D8E722F16EE7A0069FD8F /* PlayerView.swift in Sources */,
				634D8E732F16EE7A0069FD8F /* PlayerViewModel.swift in Sources */,
				634D8E962F171FFF0069FD8F /* PreviewMocks.swift in Sources */,
				634D8E752F16EE7A0069FD8F /* MinimalAppDelegate.swift in Sources */,
				634D8E762F16EE7A0069FD8F /* PreferencesView.swift in Sources */,
				634D8E772F16EE7A0069FD8F /* StationsListView.swift in Sources */,
				634D8E782F16EE7A0069FD8F /* ErrorView.swift in Sources */,
				634D8E792F16EE7A0069FD8F /* HermesApp.swift in Sources */,
				634D8E7A2F16EE7A0069FD8F /* LoginViewModel.swift in Sources */,
				634D910C2F19BCB10069FD8F /* Song.swift in Sources */,
				634D910D2F19BCB10069FD8F /* PandoraDevice.swift in Sources */,
				634D8E7B2F16EE7A0069FD8F /* HistoryViewModel.swift in Sources */,
				634D8E7C2F16EE7A0069FD8F /* StationsViewModel.swift in Sources */,
				634D8E7D2F16EE7A0069FD8F /* LoginView.swift in Sources */,
				634D8E8C2F1718140069FD8F /* StationAddView.swift in Sources */,
				634D8E7E2F16EE7A0069FD8F /* StationModel.swift in Sources */,
				634D8E922F171F060069FD8F /* SettingsManager.swift in Sources */,
				634D8E942F171F070069FD8F /* WindowTracker.swift in Sources */,
				634D8E982F1720000069FD8F /* KeychainManager.swift in Sources */,
				634D8E7F2F16EE7A0069FD8F /* AppState.swift in Sources */,
				634D90EA2F19AD5E0069FD8F /* AppleScriptSupport.swift in Sources */,
				634D90EB2F19AD5E0069FD8F /* LastFMService.swift in Sources */,
				634D8E802F16EE7A0069FD8F /* HistoryListView.swift in Sources */,
				634D8E812F16EE7A0069FD8F /* NotificationBridge.swift in Sources */,
				634D8E822F16EE7A0069FD8F /* SidebarView.swift in Sources */,
				634D8E832F16EE7A0069FD8F /* AlbumArtPreviewView.swift in Sources */,
				634D8E8E2F1719DA0069FD8F /* StationEditViewModel.swift in Sources */,
				634D8E842F16EE7A0069FD8F /* SongModel.swift in Sources */,
				634D8E852F16EE7A0069FD8F /* NotificationManager.swift in Sources */,
				634D8E862F16EE7A0069FD8F /* ContentView.swift in Sources */,
				634D8E902F1719EA0069FD8F /* StationEditView.swift in Sources */,
				FA3CFF44132FC4CF003554E2 /* PlaybackController.m in Sources */,
				FA94E6ED1368E5830063860C /* FMEngine.m in Sources */,
				FA94E6EF1368E5830063860C /* NSString+FMEngine.m in Sources */,
				44411DA7190166FB00EC4E05 /* PandoraDevice.m in Sources */,
				441C9F161CC86A74000A0302 /* AudioStreamer.m in Sources */,
				FA454685156604D100EE98C7 /* blowfish.c in Sources */,
				634D8E8A2F1718050069FD8F /* StationAddViewModel.swift in Sources */,
				BCE59520F3E241C7A3A9BB47 /* Constants.swift in Sources */,
				459A3DDA60B348F38426008C /* ImageCache.swift in Sources */,
				9994CD5B5A274289862EBCEE /* NotificationNames.swift in Sources */,
				96BB97EF20A84DC8857739DC /* HTTPClient.swift in Sources */,
				05C0BB8F3C1940D8BEBFA6F2 /* NetworkMonitor.swift in Sources */,
				3028D908ACEE48939E153EE8 /* SidebarWidthKey.swift in Sources */,
				6D2D8B1F1FAD4654B364E77F /* StationArtworkLoader.swift in Sources */,
				CDE16F7D896A4CA8A7CC428E /* IconMask.swift in Sources */,
				16A03D4CD43741B4A5967EE7 /* MenuBarView.swift in Sources */,
				3BCBD3A909E5492F86A73181 /* ViewModifiers.swift in Sources */,
			);
			runOnlyForDeploymentPostprocessing = 0;
		};
/* End PBXSourcesBuildPhase section */

/* Begin PBXTargetDependency section */
		44B251C918FE418D00D73344 /* PBXTargetDependency */ = {
			isa = PBXTargetDependency;
			target = 8D1107260486CEB800E47090 /* Hermes */;
			targetProxy = 44B251C818FE418D00D73344 /* PBXContainerItemProxy */;
		};
		44B251CF18FE41EA00D73344 /* PBXTargetDependency */ = {
			isa = PBXTargetDependency;
			target = 8D1107260486CEB800E47090 /* Hermes */;
			targetProxy = 44B251CE18FE41EA00D73344 /* PBXContainerItemProxy */;
		};
		634D8E9C2F187B0D0069FD8F /* PBXTargetDependency */ = {
			isa = PBXTargetDependency;
			target = 8D1107260486CEB800E47090 /* Hermes */;
			targetProxy = 634D8E9B2F187B0D0069FD8F /* PBXContainerItemProxy */;
		};
/* End PBXTargetDependency section */

/* Begin PBXVariantGroup section */
		089C165CFE840E0CC02AAC07 /* InfoPlist.strings */ = {
			isa = PBXVariantGroup;
			children = (
				089C165DFE840E0CC02AAC07 /* English */,
			);
			name = InfoPlist.strings;
			sourceTree = "<group>";
		};
		1DDD58140DA1D0A300B32029 /* MainMenu.xib */ = {
			isa = PBXVariantGroup;
			children = (
				1DDD58150DA1D0A300B32029 /* English */,
			);
			name = MainMenu.xib;
			sourceTree = "<group>";
		};
/* End PBXVariantGroup section */

/* Begin XCBuildConfiguration section */
		44B251C518FE415900D73344 /* Debug */ = {
			isa = XCBuildConfiguration;
			buildSettings = {
				DEAD_CODE_STRIPPING = YES;
				PRODUCT_NAME = "$(TARGET_NAME)";
			};
			name = Debug;
		};
		44B251C618FE415900D73344 /* Release */ = {
			isa = XCBuildConfiguration;
			buildSettings = {
				DEAD_CODE_STRIPPING = YES;
				PRODUCT_NAME = "$(TARGET_NAME)";
			};
			name = Release;
		};
		44B251CC18FE41D400D73344 /* Debug */ = {
			isa = XCBuildConfiguration;
			buildSettings = {
				DEAD_CODE_STRIPPING = YES;
				PRODUCT_NAME = "$(TARGET_NAME)";
			};
			name = Debug;
		};
		44B251CD18FE41D400D73344 /* Release */ = {
			isa = XCBuildConfiguration;
			buildSettings = {
				DEAD_CODE_STRIPPING = YES;
				PRODUCT_NAME = "$(TARGET_NAME)";
			};
			name = Release;
		};
		634D8E9D2F187B0D0069FD8F /* Debug */ = {
			isa = XCBuildConfiguration;
			buildSettings = {
				ALWAYS_SEARCH_USER_PATHS = NO;
				ASSETCATALOG_COMPILER_GENERATE_SWIFT_ASSET_SYMBOL_EXTENSIONS = YES;
				BUNDLE_LOADER = "$(TEST_HOST)";
				CLANG_ANALYZER_NONNULL = YES;
				CLANG_ANALYZER_NUMBER_OBJECT_CONVERSION = YES_AGGRESSIVE;
				CLANG_CXX_LANGUAGE_STANDARD = "gnu++20";
				CLANG_ENABLE_MODULES = YES;
				CLANG_ENABLE_OBJC_WEAK = YES;
				CLANG_WARN_DIRECT_OBJC_ISA_USAGE = YES_ERROR;
				CLANG_WARN_DOCUMENTATION_COMMENTS = YES;
				CLANG_WARN_OBJC_ROOT_CLASS = YES_ERROR;
				CLANG_WARN_UNGUARDED_AVAILABILITY = YES_AGGRESSIVE;
				CODE_SIGN_STYLE = Automatic;
				CURRENT_PROJECT_VERSION = 1;
				DEBUG_INFORMATION_FORMAT = dwarf;
				GCC_C_LANGUAGE_STANDARD = gnu17;
				GCC_DYNAMIC_NO_PIC = NO;
				GCC_PREPROCESSOR_DEFINITIONS = (
					"DEBUG=1",
					"$(inherited)",
				);
				GCC_WARN_ABOUT_RETURN_TYPE = YES_ERROR;
				GCC_WARN_UNINITIALIZED_AUTOS = YES_AGGRESSIVE;
				GENERATE_INFOPLIST_FILE = YES;
				HEADER_SEARCH_PATHS = (
					"\"$(SRCROOT)\"",
					"\"$(SRCROOT)/Sources\"/**",
					"\"$(SRCROOT)/ImportedSources\"",
				);
				LOCALIZATION_PREFERS_STRING_CATALOGS = YES;
				MACOSX_DEPLOYMENT_TARGET = 26.2;
				MARKETING_VERSION = 1.0;
				MTL_ENABLE_DEBUG_INFO = INCLUDE_SOURCE;
				MTL_FAST_MATH = YES;
				PRODUCT_BUNDLE_IDENTIFIER = aoeuiaoeui.HermesTests;
				PRODUCT_NAME = "$(TARGET_NAME)";
				STRING_CATALOG_GENERATE_SYMBOLS = NO;
				SWIFT_ACTIVE_COMPILATION_CONDITIONS = "DEBUG $(inherited)";
				SWIFT_APPROACHABLE_CONCURRENCY = YES;
				SWIFT_EMIT_LOC_STRINGS = NO;
				SWIFT_OPTIMIZATION_LEVEL = "-Onone";
				SWIFT_UPCOMING_FEATURE_MEMBER_IMPORT_VISIBILITY = YES;
				SWIFT_VERSION = 5.0;
				TEST_HOST = "$(BUILT_PRODUCTS_DIR)/Hermes.app/$(BUNDLE_EXECUTABLE_FOLDER_PATH)/Hermes";
			};
			name = Debug;
		};
		634D8E9E2F187B0D0069FD8F /* Release */ = {
			isa = XCBuildConfiguration;
			buildSettings = {
				ALWAYS_SEARCH_USER_PATHS = NO;
				ASSETCATALOG_COMPILER_GENERATE_SWIFT_ASSET_SYMBOL_EXTENSIONS = YES;
				BUNDLE_LOADER = "$(TEST_HOST)";
				CLANG_ANALYZER_NONNULL = YES;
				CLANG_ANALYZER_NUMBER_OBJECT_CONVERSION = YES_AGGRESSIVE;
				CLANG_CXX_LANGUAGE_STANDARD = "gnu++20";
				CLANG_ENABLE_MODULES = YES;
				CLANG_ENABLE_OBJC_WEAK = YES;
				CLANG_WARN_DIRECT_OBJC_ISA_USAGE = YES_ERROR;
				CLANG_WARN_DOCUMENTATION_COMMENTS = YES;
				CLANG_WARN_OBJC_ROOT_CLASS = YES_ERROR;
				CLANG_WARN_UNGUARDED_AVAILABILITY = YES_AGGRESSIVE;
				CODE_SIGN_STYLE = Automatic;
				CURRENT_PROJECT_VERSION = 1;
				DEBUG_INFORMATION_FORMAT = "dwarf-with-dsym";
				ENABLE_NS_ASSERTIONS = NO;
				GCC_C_LANGUAGE_STANDARD = gnu17;
				GCC_WARN_ABOUT_RETURN_TYPE = YES_ERROR;
				GCC_WARN_UNINITIALIZED_AUTOS = YES_AGGRESSIVE;
				GENERATE_INFOPLIST_FILE = YES;
				HEADER_SEARCH_PATHS = (
					"\"$(SRCROOT)\"",
					"\"$(SRCROOT)/Sources\"/**",
					"\"$(SRCROOT)/ImportedSources\"",
				);
				LOCALIZATION_PREFERS_STRING_CATALOGS = YES;
				MACOSX_DEPLOYMENT_TARGET = 26.2;
				MARKETING_VERSION = 1.0;
				MTL_ENABLE_DEBUG_INFO = NO;
				MTL_FAST_MATH = YES;
				PRODUCT_BUNDLE_IDENTIFIER = aoeuiaoeui.HermesTests;
				PRODUCT_NAME = "$(TARGET_NAME)";
				STRING_CATALOG_GENERATE_SYMBOLS = NO;
				SWIFT_APPROACHABLE_CONCURRENCY = YES;
				SWIFT_EMIT_LOC_STRINGS = NO;
				SWIFT_UPCOMING_FEATURE_MEMBER_IMPORT_VISIBILITY = YES;
				SWIFT_VERSION = 5.0;
				TEST_HOST = "$(BUILT_PRODUCTS_DIR)/Hermes.app/$(BUNDLE_EXECUTABLE_FOLDER_PATH)/Hermes";
			};
			name = Release;
		};
		C01FCF4B08A954540054247B /* Debug */ = {
			isa = XCBuildConfiguration;
			buildSettings = {
				ALWAYS_SEARCH_USER_PATHS = NO;
				CODE_SIGN_IDENTITY = "Apple Development";
				"CODE_SIGN_IDENTITY[sdk=macosx*]" = "-";
				CODE_SIGN_STYLE = Automatic;
				COMBINE_HIDPI_IMAGES = YES;
				DEAD_CODE_STRIPPING = YES;
				DEVELOPMENT_TEAM = "";
				ENABLE_HARDENED_RUNTIME = YES;
				FRAMEWORK_SEARCH_PATHS = (
					"$(inherited)",
					"\"$(SRCROOT)\"",
					"\"$(SRCROOT)/Frameworks\"",
				);
				GCC_PREFIX_HEADER = Sources/Hermes_Prefix.pch;
				HEADER_SEARCH_PATHS = (
					"\"$(SRCROOT)\"",
					"\"$(SRCROOT)/Sources\"/**",
					"\"$(SRCROOT)/ImportedSources\"",
				);
				INFOPLIST_FILE = "Resources/Hermes-Info.plist";
				LD_RUNPATH_SEARCH_PATHS = (
					"$(inherited)",
					"@executable_path/../Frameworks",
				);
				PRODUCT_BUNDLE_IDENTIFIER = "com.alexcrichton.$(PRODUCT_NAME:rfc1034identifier)";
				PRODUCT_NAME = Hermes;
				PROVISIONING_PROFILE_SPECIFIER = "";
				RUN_CLANG_STATIC_ANALYZER = YES;
				SWIFT_OPTIMIZATION_LEVEL = "-Onone";
				WARNING_CFLAGS = (
					"-Wall",
					"-Wextra",
					"-Wno-unused-parameter",
					"-Werror",
				);
			};
			name = Debug;
		};
		C01FCF4C08A954540054247B /* Release */ = {
			isa = XCBuildConfiguration;
			buildSettings = {
				ALWAYS_SEARCH_USER_PATHS = NO;
				CODE_SIGN_IDENTITY = "Apple Development";
				"CODE_SIGN_IDENTITY[sdk=macosx*]" = "-";
				CODE_SIGN_STYLE = Automatic;
				COMBINE_HIDPI_IMAGES = YES;
				DEAD_CODE_STRIPPING = YES;
				DEBUG_INFORMATION_FORMAT = "dwarf-with-dsym";
				DEVELOPMENT_TEAM = "";
				ENABLE_HARDENED_RUNTIME = YES;
				FRAMEWORK_SEARCH_PATHS = (
					"$(inherited)",
					"\"$(SRCROOT)\"",
					"\"$(SRCROOT)/Frameworks\"",
				);
				GCC_PREFIX_HEADER = Sources/Hermes_Prefix.pch;
				HEADER_SEARCH_PATHS = (
					"\"$(SRCROOT)\"",
					"\"$(SRCROOT)/Sources\"/**",
					"\"$(SRCROOT)/ImportedSources\"",
				);
				INFOPLIST_FILE = "Resources/Hermes-Info.plist";
				LD_RUNPATH_SEARCH_PATHS = (
					"$(inherited)",
					"@executable_path/../Frameworks",
				);
				PRODUCT_BUNDLE_IDENTIFIER = "com.alexcrichton.$(PRODUCT_NAME:rfc1034identifier)";
				PRODUCT_NAME = Hermes;
				PROVISIONING_PROFILE_SPECIFIER = "";
				RUN_CLANG_STATIC_ANALYZER = YES;
				WARNING_CFLAGS = (
					"-Wall",
					"-Wextra",
					"-Wno-unused-parameter",
					"-Werror",
				);
			};
			name = Release;
		};
		C01FCF4F08A954540054247B /* Debug */ = {
			isa = XCBuildConfiguration;
			buildSettings = {
				CLANG_ANALYZER_LOCALIZABILITY_NONLOCALIZED = YES;
				CLANG_ENABLE_OBJC_ARC = YES;
				CLANG_WARN_BLOCK_CAPTURE_AUTORELEASING = YES;
				CLANG_WARN_BOOL_CONVERSION = YES;
				CLANG_WARN_COMMA = YES;
				CLANG_WARN_CONSTANT_CONVERSION = YES;
				CLANG_WARN_DEPRECATED_OBJC_IMPLEMENTATIONS = YES;
				CLANG_WARN_EMPTY_BODY = YES;
				CLANG_WARN_ENUM_CONVERSION = YES;
				CLANG_WARN_INFINITE_RECURSION = YES;
				CLANG_WARN_INT_CONVERSION = YES;
				CLANG_WARN_NON_LITERAL_NULL_CONVERSION = YES;
				CLANG_WARN_OBJC_IMPLICIT_RETAIN_SELF = YES;
				CLANG_WARN_OBJC_LITERAL_CONVERSION = YES;
				CLANG_WARN_QUOTED_INCLUDE_IN_FRAMEWORK_HEADER = YES;
				CLANG_WARN_RANGE_LOOP_ANALYSIS = YES;
				CLANG_WARN_STRICT_PROTOTYPES = YES;
				CLANG_WARN_SUSPICIOUS_MOVE = YES;
				CLANG_WARN_UNREACHABLE_CODE = YES;
				CLANG_WARN__DUPLICATE_METHOD_MATCH = YES;
				COPY_PHASE_STRIP = NO;
				CURRENT_PROJECT_VERSION = 2059;
				DEAD_CODE_STRIPPING = YES;
				ENABLE_STRICT_OBJC_MSGSEND = YES;
				ENABLE_TESTABILITY = YES;
				ENABLE_USER_SCRIPT_SANDBOXING = YES;
				GCC_ENABLE_CPP_EXCEPTIONS = NO;
				GCC_NO_COMMON_BLOCKS = YES;
				GCC_OPTIMIZATION_LEVEL = 0;
				GCC_PRECOMPILE_PREFIX_HEADER = YES;
				GCC_TREAT_WARNINGS_AS_ERRORS = YES;
				GCC_WARN_64_TO_32_BIT_CONVERSION = YES;
				GCC_WARN_ABOUT_RETURN_TYPE = YES;
				GCC_WARN_UNDECLARED_SELECTOR = YES;
				GCC_WARN_UNINITIALIZED_AUTOS = YES;
				GCC_WARN_UNUSED_FUNCTION = YES;
				GCC_WARN_UNUSED_VARIABLE = YES;
				MACOSX_DEPLOYMENT_TARGET = 26.0;
				ONLY_ACTIVE_ARCH = YES;
				OTHER_CFLAGS = "-DDEBUG";
				SDKROOT = macosx;
				STRING_CATALOG_GENERATE_SYMBOLS = YES;
				SWIFT_OBJC_BRIDGING_HEADER = "Sources/Hermes-Bridging-Header.h";
				SWIFT_VERSION = 5.0;
				VERSIONING_SYSTEM = "apple-generic";
				WARNING_CFLAGS = "-Wall";
			};
			name = Debug;
		};
		C01FCF5008A954540054247B /* Release */ = {
			isa = XCBuildConfiguration;
			buildSettings = {
				CLANG_ANALYZER_LOCALIZABILITY_NONLOCALIZED = YES;
				CLANG_ENABLE_OBJC_ARC = YES;
				CLANG_WARN_BLOCK_CAPTURE_AUTORELEASING = YES;
				CLANG_WARN_BOOL_CONVERSION = YES;
				CLANG_WARN_COMMA = YES;
				CLANG_WARN_CONSTANT_CONVERSION = YES;
				CLANG_WARN_DEPRECATED_OBJC_IMPLEMENTATIONS = YES;
				CLANG_WARN_EMPTY_BODY = YES;
				CLANG_WARN_ENUM_CONVERSION = YES;
				CLANG_WARN_INFINITE_RECURSION = YES;
				CLANG_WARN_INT_CONVERSION = YES;
				CLANG_WARN_NON_LITERAL_NULL_CONVERSION = YES;
				CLANG_WARN_OBJC_IMPLICIT_RETAIN_SELF = YES;
				CLANG_WARN_OBJC_LITERAL_CONVERSION = YES;
				CLANG_WARN_QUOTED_INCLUDE_IN_FRAMEWORK_HEADER = YES;
				CLANG_WARN_RANGE_LOOP_ANALYSIS = YES;
				CLANG_WARN_STRICT_PROTOTYPES = YES;
				CLANG_WARN_SUSPICIOUS_MOVE = YES;
				CLANG_WARN_UNREACHABLE_CODE = YES;
				CLANG_WARN__DUPLICATE_METHOD_MATCH = YES;
				COPY_PHASE_STRIP = NO;
				CURRENT_PROJECT_VERSION = 2059;
				DEAD_CODE_STRIPPING = YES;
				ENABLE_STRICT_OBJC_MSGSEND = YES;
				ENABLE_USER_SCRIPT_SANDBOXING = YES;
				GCC_ENABLE_CPP_EXCEPTIONS = NO;
				GCC_NO_COMMON_BLOCKS = YES;
				GCC_OPTIMIZATION_LEVEL = s;
				GCC_PRECOMPILE_PREFIX_HEADER = YES;
				GCC_TREAT_WARNINGS_AS_ERRORS = YES;
				GCC_WARN_64_TO_32_BIT_CONVERSION = YES;
				GCC_WARN_ABOUT_RETURN_TYPE = YES;
				GCC_WARN_UNDECLARED_SELECTOR = YES;
				GCC_WARN_UNINITIALIZED_AUTOS = YES;
				GCC_WARN_UNUSED_FUNCTION = YES;
				GCC_WARN_UNUSED_VARIABLE = YES;
				MACOSX_DEPLOYMENT_TARGET = 26.0;
				ONLY_ACTIVE_ARCH = YES;
				SDKROOT = macosx;
				STRING_CATALOG_GENERATE_SYMBOLS = YES;
				SWIFT_COMPILATION_MODE = wholemodule;
				VERSIONING_SYSTEM = "apple-generic";
				WARNING_CFLAGS = "-Wall";
			};
			name = Release;
		};
/* End XCBuildConfiguration section */

/* Begin XCConfigurationList section */
		44B251C718FE415900D73344 /* Build configuration list for PBXLegacyTarget "Archive Hermes" */ = {
			isa = XCConfigurationList;
			buildConfigurations = (
				44B251C518FE415900D73344 /* Debug */,
				44B251C618FE415900D73344 /* Release */,
			);
			defaultConfigurationIsVisible = 0;
			defaultConfigurationName = Release;
		};
		44B251CB18FE41D400D73344 /* Build configuration list for PBXLegacyTarget "Upload Hermes Release" */ = {
			isa = XCConfigurationList;
			buildConfigurations = (
				44B251CC18FE41D400D73344 /* Debug */,
				44B251CD18FE41D400D73344 /* Release */,
			);
			defaultConfigurationIsVisible = 0;
			defaultConfigurationName = Release;
		};
		634D8E9F2F187B0D0069FD8F /* Build configuration list for PBXNativeTarget "HermesTests" */ = {
			isa = XCConfigurationList;
			buildConfigurations = (
				634D8E9D2F187B0D0069FD8F /* Debug */,
				634D8E9E2F187B0D0069FD8F /* Release */,
			);
			defaultConfigurationIsVisible = 0;
			defaultConfigurationName = Release;
		};
		C01FCF4A08A954540054247B /* Build configuration list for PBXNativeTarget "Hermes" */ = {
			isa = XCConfigurationList;
			buildConfigurations = (
				C01FCF4B08A954540054247B /* Debug */,
				C01FCF4C08A954540054247B /* Release */,
			);
			defaultConfigurationIsVisible = 0;
			defaultConfigurationName = Release;
		};
		C01FCF4E08A954540054247B /* Build configuration list for PBXProject "Hermes" */ = {
			isa = XCConfigurationList;
			buildConfigurations = (
				C01FCF4F08A954540054247B /* Debug */,
				C01FCF5008A954540054247B /* Release */,
			);
			defaultConfigurationIsVisible = 0;
			defaultConfigurationName = Release;
		};
/* End XCConfigurationList section */
	};
	rootObject = 29B97313FDCFA39411CA2CEA /* Project object */;
}
